// !$*UTF8*$!
{
	archiveVersion = 1;
	classes = {
	};
	objectVersion = 46;
	objects = {

/* Begin PBXBuildFile section */
		82982CAC19BAE5EA00D257C1 /* AppDelegate.swift in Sources */ = {isa = PBXBuildFile; fileRef = 82982CAB19BAE5EA00D257C1 /* AppDelegate.swift */; };
		82982CAE19BAE5EA00D257C1 /* ViewController.swift in Sources */ = {isa = PBXBuildFile; fileRef = 82982CAD19BAE5EA00D257C1 /* ViewController.swift */; };
		82982CB119BAE5EA00D257C1 /* Main.storyboard in Resources */ = {isa = PBXBuildFile; fileRef = 82982CAF19BAE5EA00D257C1 /* Main.storyboard */; };
		82982CB319BAE5EA00D257C1 /* Images.xcassets in Resources */ = {isa = PBXBuildFile; fileRef = 82982CB219BAE5EA00D257C1 /* Images.xcassets */; };
		82982CBF19BAE5EA00D257C1 /* ResizableTests.swift in Sources */ = {isa = PBXBuildFile; fileRef = 82982CBE19BAE5EA00D257C1 /* ResizableTests.swift */; };
		82982CC919BAE60C00D257C1 /* ResizableView.swift in Sources */ = {isa = PBXBuildFile; fileRef = 82982CC819BAE60C00D257C1 /* ResizableView.swift */; };
		82982CCB19BB263100D257C1 /* UIView+Transform.swift in Sources */ = {isa = PBXBuildFile; fileRef = 82982CCA19BB263100D257C1 /* UIView+Transform.swift */; };
		82982CCD19BBDAE400D257C1 /* DragHandle.swift in Sources */ = {isa = PBXBuildFile; fileRef = 82982CCC19BBDAE400D257C1 /* DragHandle.swift */; };
/* End PBXBuildFile section */

/* Begin PBXContainerItemProxy section */
		82982CB919BAE5EA00D257C1 /* PBXContainerItemProxy */ = {
			isa = PBXContainerItemProxy;
			containerPortal = 82982C9E19BAE5EA00D257C1 /* Project object */;
			proxyType = 1;
			remoteGlobalIDString = 82982CA519BAE5EA00D257C1;
			remoteInfo = Resizable;
		};
/* End PBXContainerItemProxy section */

/* Begin PBXFileReference section */
		82982CA619BAE5EA00D257C1 /* Resizable.app */ = {isa = PBXFileReference; explicitFileType = wrapper.application; includeInIndex = 0; path = Resizable.app; sourceTree = BUILT_PRODUCTS_DIR; };
		82982CAA19BAE5EA00D257C1 /* Info.plist */ = {isa = PBXFileReference; lastKnownFileType = text.plist.xml; path = Info.plist; sourceTree = "<group>"; };
		82982CAB19BAE5EA00D257C1 /* AppDelegate.swift */ = {isa = PBXFileReference; lastKnownFileType = sourcecode.swift; path = AppDelegate.swift; sourceTree = "<group>"; };
		82982CAD19BAE5EA00D257C1 /* ViewController.swift */ = {isa = PBXFileReference; lastKnownFileType = sourcecode.swift; path = ViewController.swift; sourceTree = "<group>"; };
		82982CB019BAE5EA00D257C1 /* Base */ = {isa = PBXFileReference; lastKnownFileType = file.storyboard; name = Base; path = Base.lproj/Main.storyboard; sourceTree = "<group>"; };
		82982CB219BAE5EA00D257C1 /* Images.xcassets */ = {isa = PBXFileReference; lastKnownFileType = folder.assetcatalog; path = Images.xcassets; sourceTree = "<group>"; };
		82982CB819BAE5EA00D257C1 /* ResizableTests.xctest */ = {isa = PBXFileReference; explicitFileType = wrapper.cfbundle; includeInIndex = 0; path = ResizableTests.xctest; sourceTree = BUILT_PRODUCTS_DIR; };
		82982CBD19BAE5EA00D257C1 /* Info.plist */ = {isa = PBXFileReference; lastKnownFileType = text.plist.xml; path = Info.plist; sourceTree = "<group>"; };
		82982CBE19BAE5EA00D257C1 /* ResizableTests.swift */ = {isa = PBXFileReference; lastKnownFileType = sourcecode.swift; path = ResizableTests.swift; sourceTree = "<group>"; };
		82982CC819BAE60C00D257C1 /* ResizableView.swift */ = {isa = PBXFileReference; fileEncoding = 4; lastKnownFileType = sourcecode.swift; path = ResizableView.swift; sourceTree = "<group>"; };
		82982CCA19BB263100D257C1 /* UIView+Transform.swift */ = {isa = PBXFileReference; fileEncoding = 4; lastKnownFileType = sourcecode.swift; path = "UIView+Transform.swift"; sourceTree = "<group>"; };
		82982CCC19BBDAE400D257C1 /* DragHandle.swift */ = {isa = PBXFileReference; fileEncoding = 4; lastKnownFileType = sourcecode.swift; path = DragHandle.swift; sourceTree = "<group>"; };
/* End PBXFileReference section */

/* Begin PBXFrameworksBuildPhase section */
		82982CA319BAE5EA00D257C1 /* Frameworks */ = {
			isa = PBXFrameworksBuildPhase;
			buildActionMask = 2147483647;
			files = (
			);
			runOnlyForDeploymentPostprocessing = 0;
		};
		82982CB519BAE5EA00D257C1 /* Frameworks */ = {
			isa = PBXFrameworksBuildPhase;
			buildActionMask = 2147483647;
			files = (
			);
			runOnlyForDeploymentPostprocessing = 0;
		};
/* End PBXFrameworksBuildPhase section */

/* Begin PBXGroup section */
		82982C9D19BAE5EA00D257C1 = {
			isa = PBXGroup;
			children = (
				82982CA819BAE5EA00D257C1 /* Resizable */,
				82982CBB19BAE5EA00D257C1 /* ResizableTests */,
				82982CA719BAE5EA00D257C1 /* Products */,
			);
			sourceTree = "<group>";
		};
		82982CA719BAE5EA00D257C1 /* Products */ = {
			isa = PBXGroup;
			children = (
				82982CA619BAE5EA00D257C1 /* Resizable.app */,
				82982CB819BAE5EA00D257C1 /* ResizableTests.xctest */,
			);
			name = Products;
			sourceTree = "<group>";
		};
		82982CA819BAE5EA00D257C1 /* Resizable */ = {
			isa = PBXGroup;
			children = (
				82982CAB19BAE5EA00D257C1 /* AppDelegate.swift */,
				82982CAD19BAE5EA00D257C1 /* ViewController.swift */,
				82982CC819BAE60C00D257C1 /* ResizableView.swift */,
				82982CCC19BBDAE400D257C1 /* DragHandle.swift */,
				82982CCA19BB263100D257C1 /* UIView+Transform.swift */,
				82982CAF19BAE5EA00D257C1 /* Main.storyboard */,
				82982CB219BAE5EA00D257C1 /* Images.xcassets */,
				82982CA919BAE5EA00D257C1 /* Supporting Files */,
			);
			path = Resizable;
			sourceTree = "<group>";
		};
		82982CA919BAE5EA00D257C1 /* Supporting Files */ = {
			isa = PBXGroup;
			children = (
				82982CAA19BAE5EA00D257C1 /* Info.plist */,
			);
			name = "Supporting Files";
			sourceTree = "<group>";
		};
		82982CBB19BAE5EA00D257C1 /* ResizableTests */ = {
			isa = PBXGroup;
			children = (
				82982CBE19BAE5EA00D257C1 /* ResizableTests.swift */,
				82982CBC19BAE5EA00D257C1 /* Supporting Files */,
			);
			path = ResizableTests;
			sourceTree = "<group>";
		};
		82982CBC19BAE5EA00D257C1 /* Supporting Files */ = {
			isa = PBXGroup;
			children = (
				82982CBD19BAE5EA00D257C1 /* Info.plist */,
			);
			name = "Supporting Files";
			sourceTree = "<group>";
		};
/* End PBXGroup section */

/* Begin PBXNativeTarget section */
		82982CA519BAE5EA00D257C1 /* Resizable */ = {
			isa = PBXNativeTarget;
			buildConfigurationList = 82982CC219BAE5EA00D257C1 /* Build configuration list for PBXNativeTarget "Resizable" */;
			buildPhases = (
				82982CA219BAE5EA00D257C1 /* Sources */,
				82982CA319BAE5EA00D257C1 /* Frameworks */,
				82982CA419BAE5EA00D257C1 /* Resources */,
			);
			buildRules = (
			);
			dependencies = (
			);
			name = Resizable;
			productName = Resizable;
			productReference = 82982CA619BAE5EA00D257C1 /* Resizable.app */;
			productType = "com.apple.product-type.application";
		};
		82982CB719BAE5EA00D257C1 /* ResizableTests */ = {
			isa = PBXNativeTarget;
			buildConfigurationList = 82982CC519BAE5EA00D257C1 /* Build configuration list for PBXNativeTarget "ResizableTests" */;
			buildPhases = (
				82982CB419BAE5EA00D257C1 /* Sources */,
				82982CB519BAE5EA00D257C1 /* Frameworks */,
				82982CB619BAE5EA00D257C1 /* Resources */,
			);
			buildRules = (
			);
			dependencies = (
				82982CBA19BAE5EA00D257C1 /* PBXTargetDependency */,
			);
			name = ResizableTests;
			productName = ResizableTests;
			productReference = 82982CB819BAE5EA00D257C1 /* ResizableTests.xctest */;
			productType = "com.apple.product-type.bundle.unit-test";
		};
/* End PBXNativeTarget section */

/* Begin PBXProject section */
		82982C9E19BAE5EA00D257C1 /* Project object */ = {
			isa = PBXProject;
			attributes = {
				LastUpgradeCheck = 0820;
				ORGANIZATIONNAME = Caroline;
				TargetAttributes = {
					82982CA519BAE5EA00D257C1 = {
						CreatedOnToolsVersion = 6.0;
						LastSwiftMigration = 0820;
					};
					82982CB719BAE5EA00D257C1 = {
						CreatedOnToolsVersion = 6.0;
						LastSwiftMigration = 0820;
						TestTargetID = 82982CA519BAE5EA00D257C1;
					};
				};
			};
			buildConfigurationList = 82982CA119BAE5EA00D257C1 /* Build configuration list for PBXProject "Resizable" */;
			compatibilityVersion = "Xcode 3.2";
			developmentRegion = English;
			hasScannedForEncodings = 0;
			knownRegions = (
				en,
				Base,
			);
			mainGroup = 82982C9D19BAE5EA00D257C1;
			productRefGroup = 82982CA719BAE5EA00D257C1 /* Products */;
			projectDirPath = "";
			projectRoot = "";
			targets = (
				82982CA519BAE5EA00D257C1 /* Resizable */,
				82982CB719BAE5EA00D257C1 /* ResizableTests */,
			);
		};
/* End PBXProject section */

/* Begin PBXResourcesBuildPhase section */
		82982CA419BAE5EA00D257C1 /* Resources */ = {
			isa = PBXResourcesBuildPhase;
			buildActionMask = 2147483647;
			files = (
				82982CB119BAE5EA00D257C1 /* Main.storyboard in Resources */,
				82982CB319BAE5EA00D257C1 /* Images.xcassets in Resources */,
			);
			runOnlyForDeploymentPostprocessing = 0;
		};
		82982CB619BAE5EA00D257C1 /* Resources */ = {
			isa = PBXResourcesBuildPhase;
			buildActionMask = 2147483647;
			files = (
			);
			runOnlyForDeploymentPostprocessing = 0;
		};
/* End PBXResourcesBuildPhase section */

/* Begin PBXSourcesBuildPhase section */
		82982CA219BAE5EA00D257C1 /* Sources */ = {
			isa = PBXSourcesBuildPhase;
			buildActionMask = 2147483647;
			files = (
				82982CCD19BBDAE400D257C1 /* DragHandle.swift in Sources */,
				82982CAE19BAE5EA00D257C1 /* ViewController.swift in Sources */,
				82982CAC19BAE5EA00D257C1 /* AppDelegate.swift in Sources */,
				82982CC919BAE60C00D257C1 /* ResizableView.swift in Sources */,
				82982CCB19BB263100D257C1 /* UIView+Transform.swift in Sources */,
			);
			runOnlyForDeploymentPostprocessing = 0;
		};
		82982CB419BAE5EA00D257C1 /* Sources */ = {
			isa = PBXSourcesBuildPhase;
			buildActionMask = 2147483647;
			files = (
				82982CBF19BAE5EA00D257C1 /* ResizableTests.swift in Sources */,
			);
			runOnlyForDeploymentPostprocessing = 0;
		};
/* End PBXSourcesBuildPhase section */

/* Begin PBXTargetDependency section */
		82982CBA19BAE5EA00D257C1 /* PBXTargetDependency */ = {
			isa = PBXTargetDependency;
			target = 82982CA519BAE5EA00D257C1 /* Resizable */;
			targetProxy = 82982CB919BAE5EA00D257C1 /* PBXContainerItemProxy */;
		};
/* End PBXTargetDependency section */

/* Begin PBXVariantGroup section */
		82982CAF19BAE5EA00D257C1 /* Main.storyboard */ = {
			isa = PBXVariantGroup;
			children = (
				82982CB019BAE5EA00D257C1 /* Base */,
			);
			name = Main.storyboard;
			sourceTree = "<group>";
		};
/* End PBXVariantGroup section */

/* Begin XCBuildConfiguration section */
		82982CC019BAE5EA00D257C1 /* Debug */ = {
			isa = XCBuildConfiguration;
			buildSettings = {
				ALWAYS_SEARCH_USER_PATHS = NO;
				CLANG_CXX_LANGUAGE_STANDARD = "gnu++0x";
				CLANG_CXX_LIBRARY = "libc++";
				CLANG_ENABLE_MODULES = YES;
				CLANG_ENABLE_OBJC_ARC = YES;
				CLANG_WARN_BOOL_CONVERSION = YES;
				CLANG_WARN_CONSTANT_CONVERSION = YES;
				CLANG_WARN_DIRECT_OBJC_ISA_USAGE = YES_ERROR;
				CLANG_WARN_EMPTY_BODY = YES;
				CLANG_WARN_ENUM_CONVERSION = YES;
				CLANG_WARN_INFINITE_RECURSION = YES;
				CLANG_WARN_INT_CONVERSION = YES;
				CLANG_WARN_OBJC_ROOT_CLASS = YES_ERROR;
				CLANG_WARN_SUSPICIOUS_MOVE = YES;
				CLANG_WARN_UNREACHABLE_CODE = YES;
				CLANG_WARN__DUPLICATE_METHOD_MATCH = YES;
				"CODE_SIGN_IDENTITY[sdk=iphoneos*]" = "iPhone Developer";
				COPY_PHASE_STRIP = NO;
				ENABLE_STRICT_OBJC_MSGSEND = YES;
				ENABLE_TESTABILITY = YES;
				GCC_C_LANGUAGE_STANDARD = gnu99;
				GCC_DYNAMIC_NO_PIC = NO;
				GCC_NO_COMMON_BLOCKS = YES;
				GCC_OPTIMIZATION_LEVEL = 0;
				GCC_PREPROCESSOR_DEFINITIONS = (
					"DEBUG=1",
					"$(inherited)",
				);
				GCC_SYMBOLS_PRIVATE_EXTERN = NO;
				GCC_WARN_64_TO_32_BIT_CONVERSION = YES;
				GCC_WARN_ABOUT_RETURN_TYPE = YES_ERROR;
				GCC_WARN_UNDECLARED_SELECTOR = YES;
				GCC_WARN_UNINITIALIZED_AUTOS = YES_AGGRESSIVE;
				GCC_WARN_UNUSED_FUNCTION = YES;
				GCC_WARN_UNUSED_VARIABLE = YES;
				IPHONEOS_DEPLOYMENT_TARGET = 8.0;
				MTL_ENABLE_DEBUG_INFO = YES;
				ONLY_ACTIVE_ARCH = YES;
				SDKROOT = iphoneos;
				SWIFT_OPTIMIZATION_LEVEL = "-Onone";
			};
			name = Debug;
		};
		82982CC119BAE5EA00D257C1 /* Release */ = {
			isa = XCBuildConfiguration;
			buildSettings = {
				ALWAYS_SEARCH_USER_PATHS = NO;
				CLANG_CXX_LANGUAGE_STANDARD = "gnu++0x";
				CLANG_CXX_LIBRARY = "libc++";
				CLANG_ENABLE_MODULES = YES;
				CLANG_ENABLE_OBJC_ARC = YES;
				CLANG_WARN_BOOL_CONVERSION = YES;
				CLANG_WARN_CONSTANT_CONVERSION = YES;
				CLANG_WARN_DIRECT_OBJC_ISA_USAGE = YES_ERROR;
				CLANG_WARN_EMPTY_BODY = YES;
				CLANG_WARN_ENUM_CONVERSION = YES;
				CLANG_WARN_INFINITE_RECURSION = YES;
				CLANG_WARN_INT_CONVERSION = YES;
				CLANG_WARN_OBJC_ROOT_CLASS = YES_ERROR;
				CLANG_WARN_SUSPICIOUS_MOVE = YES;
				CLANG_WARN_UNREACHABLE_CODE = YES;
				CLANG_WARN__DUPLICATE_METHOD_MATCH = YES;
				"CODE_SIGN_IDENTITY[sdk=iphoneos*]" = "iPhone Developer";
				COPY_PHASE_STRIP = YES;
				ENABLE_NS_ASSERTIONS = NO;
				ENABLE_STRICT_OBJC_MSGSEND = YES;
				GCC_C_LANGUAGE_STANDARD = gnu99;
				GCC_NO_COMMON_BLOCKS = YES;
				GCC_WARN_64_TO_32_BIT_CONVERSION = YES;
				GCC_WARN_ABOUT_RETURN_TYPE = YES_ERROR;
				GCC_WARN_UNDECLARED_SELECTOR = YES;
				GCC_WARN_UNINITIALIZED_AUTOS = YES_AGGRESSIVE;
				GCC_WARN_UNUSED_FUNCTION = YES;
				GCC_WARN_UNUSED_VARIABLE = YES;
				IPHONEOS_DEPLOYMENT_TARGET = 8.0;
				MTL_ENABLE_DEBUG_INFO = NO;
				SDKROOT = iphoneos;
				SWIFT_OPTIMIZATION_LEVEL = "-Owholemodule";
				VALIDATE_PRODUCT = YES;
			};
			name = Release;
		};
		82982CC319BAE5EA00D257C1 /* Debug */ = {
			isa = XCBuildConfiguration;
			buildSettings = {
				ASSETCATALOG_COMPILER_APPICON_NAME = AppIcon;
				ASSETCATALOG_COMPILER_LAUNCHIMAGE_NAME = LaunchImage;
				INFOPLIST_FILE = Resizable/Info.plist;
				LD_RUNPATH_SEARCH_PATHS = "$(inherited) @executable_path/Frameworks";
				PRODUCT_BUNDLE_IDENTIFIER = "com.caroline.$(PRODUCT_NAME:rfc1034identifier)";
				PRODUCT_NAME = "$(TARGET_NAME)";
				SWIFT_VERSION = 3.0;
			};
			name = Debug;
		};
		82982CC419BAE5EA00D257C1 /* Release */ = {
			isa = XCBuildConfiguration;
			buildSettings = {
				ASSETCATALOG_COMPILER_APPICON_NAME = AppIcon;
				ASSETCATALOG_COMPILER_LAUNCHIMAGE_NAME = LaunchImage;
				INFOPLIST_FILE = Resizable/Info.plist;
				LD_RUNPATH_SEARCH_PATHS = "$(inherited) @executable_path/Frameworks";
				PRODUCT_BUNDLE_IDENTIFIER = "com.caroline.$(PRODUCT_NAME:rfc1034identifier)";
				PRODUCT_NAME = "$(TARGET_NAME)";
				SWIFT_VERSION = 3.0;
			};
			name = Release;
		};
		82982CC619BAE5EA00D257C1 /* Debug */ = {
			isa = XCBuildConfiguration;
			buildSettings = {
				BUNDLE_LOADER = "$(TEST_HOST)";
				FRAMEWORK_SEARCH_PATHS = (
					"$(SDKROOT)/Developer/Library/Frameworks",
					"$(inherited)",
				);
				GCC_PREPROCESSOR_DEFINITIONS = (
					"DEBUG=1",
					"$(inherited)",
				);
				INFOPLIST_FILE = ResizableTests/Info.plist;
				LD_RUNPATH_SEARCH_PATHS = "$(inherited) @executable_path/Frameworks @loader_path/Frameworks";
				PRODUCT_BUNDLE_IDENTIFIER = "com.caroline.$(PRODUCT_NAME:rfc1034identifier)";
				PRODUCT_NAME = "$(TARGET_NAME)";
				SWIFT_VERSION = 3.0;
				TEST_HOST = "$(BUILT_PRODUCTS_DIR)/Resizable.app/Resizable";
			};
			name = Debug;
		};
		82982CC719BAE5EA00D257C1 /* Release */ = {
			isa = XCBuildConfiguration;
			buildSettings = {
				BUNDLE_LOADER = "$(TEST_HOST)";
				FRAMEWORK_SEARCH_PATHS = (
					"$(SDKROOT)/Developer/Library/Frameworks",
					"$(inherited)",
				);
				INFOPLIST_FILE = ResizableTests/Info.plist;
				LD_RUNPATH_SEARCH_PATHS = "$(inherited) @executable_path/Frameworks @loader_path/Frameworks";
				PRODUCT_BUNDLE_IDENTIFIER = "com.caroline.$(PRODUCT_NAME:rfc1034identifier)";
				PRODUCT_NAME = "$(TARGET_NAME)";
				SWIFT_VERSION = 3.0;
				TEST_HOST = "$(BUILT_PRODUCTS_DIR)/Resizable.app/Resizable";
			};
			name = Release;
		};
/* End XCBuildConfiguration section */

/* Begin XCConfigurationList section */
		82982CA119BAE5EA00D257C1 /* Build configuration list for PBXProject "Resizable" */ = {
			isa = XCConfigurationList;
			buildConfigurations = (
				82982CC019BAE5EA00D257C1 /* Debug */,
				82982CC119BAE5EA00D257C1 /* Release */,
			);
			defaultConfigurationIsVisible = 0;
			defaultConfigurationName = Release;
		};
		82982CC219BAE5EA00D257C1 /* Build configuration list for PBXNativeTarget "Resizable" */ = {
			isa = XCConfigurationList;
			buildConfigurations = (
				82982CC319BAE5EA00D257C1 /* Debug */,
				82982CC419BAE5EA00D257C1 /* Release */,
			);
			defaultConfigurationIsVisible = 0;
			defaultConfigurationName = Release;
		};
		82982CC519BAE5EA00D257C1 /* Build configuration list for PBXNativeTarget "ResizableTests" */ = {
			isa = XCConfigurationList;
			buildConfigurations = (
				82982CC619BAE5EA00D257C1 /* Debug */,
				82982CC719BAE5EA00D257C1 /* Release */,
			);
			defaultConfigurationIsVisible = 0;
			defaultConfigurationName = Release;
		};
/* End XCConfigurationList section */
	};
	rootObject = 82982C9E19BAE5EA00D257C1 /* Project object */;
}
